// !$*UTF8*$!
{
	archiveVersion = 1;
	classes = {
	};
	objectVersion = 46;
	objects = {

/* Begin PBXBuildFile section */
		6995023A1C0D7E6B000A056A /* main.m in Sources */ = {isa = PBXBuildFile; fileRef = 699502391C0D7E6B000A056A /* main.m */; };
		6995023D1C0D7E6B000A056A /* AppDelegate.m in Sources */ = {isa = PBXBuildFile; fileRef = 6995023C1C0D7E6B000A056A /* AppDelegate.m */; };
		699502401C0D7E6B000A056A /* ViewController.m in Sources */ = {isa = PBXBuildFile; fileRef = 6995023F1C0D7E6B000A056A /* ViewController.m */; };
		699502431C0D7E6B000A056A /* Main.storyboard in Resources */ = {isa = PBXBuildFile; fileRef = 699502411C0D7E6B000A056A /* Main.storyboard */; };
		699502451C0D7E6B000A056A /* Assets.xcassets in Resources */ = {isa = PBXBuildFile; fileRef = 699502441C0D7E6B000A056A /* Assets.xcassets */; };
		699502481C0D7E6B000A056A /* LaunchScreen.storyboard in Resources */ = {isa = PBXBuildFile; fileRef = 699502461C0D7E6B000A056A /* LaunchScreen.storyboard */; };
		699502531C0D7E6B000A056A /* mtalkTests.m in Sources */ = {isa = PBXBuildFile; fileRef = 699502521C0D7E6B000A056A /* mtalkTests.m */; };
		6995025E1C0D7E6B000A056A /* mtalkUITests.m in Sources */ = {isa = PBXBuildFile; fileRef = 6995025D1C0D7E6B000A056A /* mtalkUITests.m */; };
/* End PBXBuildFile section */

/* Begin PBXContainerItemProxy section */
		6995024F1C0D7E6B000A056A /* PBXContainerItemProxy */ = {
			isa = PBXContainerItemProxy;
			containerPortal = 6995022D1C0D7E6B000A056A /* Project object */;
			proxyType = 1;
			remoteGlobalIDString = 699502341C0D7E6B000A056A;
			remoteInfo = mtalk;
		};
		6995025A1C0D7E6B000A056A /* PBXContainerItemProxy */ = {
			isa = PBXContainerItemProxy;
			containerPortal = 6995022D1C0D7E6B000A056A /* Project object */;
			proxyType = 1;
			remoteGlobalIDString = 699502341C0D7E6B000A056A;
			remoteInfo = mtalk;
		};
/* End PBXContainerItemProxy section */

/* Begin PBXFileReference section */
		699502351C0D7E6B000A056A /* mtalk.app */ = {isa = PBXFileReference; explicitFileType = wrapper.application; includeInIndex = 0; path = mtalk.app; sourceTree = BUILT_PRODUCTS_DIR; };
		699502391C0D7E6B000A056A /* main.m */ = {isa = PBXFileReference; lastKnownFileType = sourcecode.c.objc; path = main.m; sourceTree = "<group>"; };
		6995023B1C0D7E6B000A056A /* AppDelegate.h */ = {isa = PBXFileReference; lastKnownFileType = sourcecode.c.h; path = AppDelegate.h; sourceTree = "<group>"; };
		6995023C1C0D7E6B000A056A /* AppDelegate.m */ = {isa = PBXFileReference; lastKnownFileType = sourcecode.c.objc; path = AppDelegate.m; sourceTree = "<group>"; };
		6995023E1C0D7E6B000A056A /* ViewController.h */ = {isa = PBXFileReference; lastKnownFileType = sourcecode.c.h; path = ViewController.h; sourceTree = "<group>"; };
		6995023F1C0D7E6B000A056A /* ViewController.m */ = {isa = PBXFileReference; lastKnownFileType = sourcecode.c.objc; path = ViewController.m; sourceTree = "<group>"; };
		699502421C0D7E6B000A056A /* Base */ = {isa = PBXFileReference; lastKnownFileType = file.storyboard; name = Base; path = Base.lproj/Main.storyboard; sourceTree = "<group>"; };
		699502441C0D7E6B000A056A /* Assets.xcassets */ = {isa = PBXFileReference; lastKnownFileType = folder.assetcatalog; path = Assets.xcassets; sourceTree = "<group>"; };
		699502471C0D7E6B000A056A /* Base */ = {isa = PBXFileReference; lastKnownFileType = file.storyboard; name = Base; path = Base.lproj/LaunchScreen.storyboard; sourceTree = "<group>"; };
		699502491C0D7E6B000A056A /* Info.plist */ = {isa = PBXFileReference; lastKnownFileType = text.plist.xml; path = Info.plist; sourceTree = "<group>"; };
		6995024E1C0D7E6B000A056A /* mtalkTests.xctest */ = {isa = PBXFileReference; explicitFileType = wrapper.cfbundle; includeInIndex = 0; path = mtalkTests.xctest; sourceTree = BUILT_PRODUCTS_DIR; };
		699502521C0D7E6B000A056A /* mtalkTests.m */ = {isa = PBXFileReference; lastKnownFileType = sourcecode.c.objc; path = mtalkTests.m; sourceTree = "<group>"; };
		699502541C0D7E6B000A056A /* Info.plist */ = {isa = PBXFileReference; lastKnownFileType = text.plist.xml; path = Info.plist; sourceTree = "<group>"; };
		699502591C0D7E6B000A056A /* mtalkUITests.xctest */ = {isa = PBXFileReference; explicitFileType = wrapper.cfbundle; includeInIndex = 0; path = mtalkUITests.xctest; sourceTree = BUILT_PRODUCTS_DIR; };
		6995025D1C0D7E6B000A056A /* mtalkUITests.m */ = {isa = PBXFileReference; lastKnownFileType = sourcecode.c.objc; path = mtalkUITests.m; sourceTree = "<group>"; };
		6995025F1C0D7E6B000A056A /* Info.plist */ = {isa = PBXFileReference; lastKnownFileType = text.plist.xml; path = Info.plist; sourceTree = "<group>"; };
/* End PBXFileReference section */

/* Begin PBXFrameworksBuildPhase section */
		699502321C0D7E6B000A056A /* Frameworks */ = {
			isa = PBXFrameworksBuildPhase;
			buildActionMask = 2147483647;
			files = (
			);
			runOnlyForDeploymentPostprocessing = 0;
		};
		6995024B1C0D7E6B000A056A /* Frameworks */ = {
			isa = PBXFrameworksBuildPhase;
			buildActionMask = 2147483647;
			files = (
			);
			runOnlyForDeploymentPostprocessing = 0;
		};
		699502561C0D7E6B000A056A /* Frameworks */ = {
			isa = PBXFrameworksBuildPhase;
			buildActionMask = 2147483647;
			files = (
			);
			runOnlyForDeploymentPostprocessing = 0;
		};
/* End PBXFrameworksBuildPhase section */

/* Begin PBXGroup section */
		6995022C1C0D7E6B000A056A = {
			isa = PBXGroup;
			children = (
				699502371C0D7E6B000A056A /* mtalk */,
				699502511C0D7E6B000A056A /* mtalkTests */,
				6995025C1C0D7E6B000A056A /* mtalkUITests */,
				699502361C0D7E6B000A056A /* Products */,
			);
			sourceTree = "<group>";
		};
		699502361C0D7E6B000A056A /* Products */ = {
			isa = PBXGroup;
			children = (
				699502351C0D7E6B000A056A /* mtalk.app */,
				6995024E1C0D7E6B000A056A /* mtalkTests.xctest */,
				699502591C0D7E6B000A056A /* mtalkUITests.xctest */,
			);
			name = Products;
			sourceTree = "<group>";
		};
		699502371C0D7E6B000A056A /* mtalk */ = {
			isa = PBXGroup;
			children = (
				6995023B1C0D7E6B000A056A /* AppDelegate.h */,
				6995023C1C0D7E6B000A056A /* AppDelegate.m */,
				6995023E1C0D7E6B000A056A /* ViewController.h */,
				6995023F1C0D7E6B000A056A /* ViewController.m */,
				699502411C0D7E6B000A056A /* Main.storyboard */,
				699502441C0D7E6B000A056A /* Assets.xcassets */,
				699502461C0D7E6B000A056A /* LaunchScreen.storyboard */,
				699502491C0D7E6B000A056A /* Info.plist */,
				699502381C0D7E6B000A056A /* Supporting Files */,
			);
			path = mtalk;
			sourceTree = "<group>";
		};
		699502381C0D7E6B000A056A /* Supporting Files */ = {
			isa = PBXGroup;
			children = (
				699502391C0D7E6B000A056A /* main.m */,
			);
			name = "Supporting Files";
			sourceTree = "<group>";
		};
		699502511C0D7E6B000A056A /* mtalkTests */ = {
			isa = PBXGroup;
			children = (
				699502521C0D7E6B000A056A /* mtalkTests.m */,
				699502541C0D7E6B000A056A /* Info.plist */,
			);
			path = mtalkTests;
			sourceTree = "<group>";
		};
		6995025C1C0D7E6B000A056A /* mtalkUITests */ = {
			isa = PBXGroup;
			children = (
				6995025D1C0D7E6B000A056A /* mtalkUITests.m */,
				6995025F1C0D7E6B000A056A /* Info.plist */,
			);
			path = mtalkUITests;
			sourceTree = "<group>";
		};
/* End PBXGroup section */

/* Begin PBXNativeTarget section */
		699502341C0D7E6B000A056A /* mtalk */ = {
			isa = PBXNativeTarget;
			buildConfigurationList = 699502621C0D7E6B000A056A /* Build configuration list for PBXNativeTarget "mtalk" */;
			buildPhases = (
				699502311C0D7E6B000A056A /* Sources */,
				699502321C0D7E6B000A056A /* Frameworks */,
				699502331C0D7E6B000A056A /* Resources */,
			);
			buildRules = (
			);
			dependencies = (
			);
			name = mtalk;
			productName = mtalk;
			productReference = 699502351C0D7E6B000A056A /* mtalk.app */;
			productType = "com.apple.product-type.application";
		};
		6995024D1C0D7E6B000A056A /* mtalkTests */ = {
			isa = PBXNativeTarget;
			buildConfigurationList = 699502651C0D7E6B000A056A /* Build configuration list for PBXNativeTarget "mtalkTests" */;
			buildPhases = (
				6995024A1C0D7E6B000A056A /* Sources */,
				6995024B1C0D7E6B000A056A /* Frameworks */,
				6995024C1C0D7E6B000A056A /* Resources */,
			);
			buildRules = (
			);
			dependencies = (
				699502501C0D7E6B000A056A /* PBXTargetDependency */,
			);
			name = mtalkTests;
			productName = mtalkTests;
			productReference = 6995024E1C0D7E6B000A056A /* mtalkTests.xctest */;
			productType = "com.apple.product-type.bundle.unit-test";
		};
		699502581C0D7E6B000A056A /* mtalkUITests */ = {
			isa = PBXNativeTarget;
			buildConfigurationList = 699502681C0D7E6B000A056A /* Build configuration list for PBXNativeTarget "mtalkUITests" */;
			buildPhases = (
				699502551C0D7E6B000A056A /* Sources */,
				699502561C0D7E6B000A056A /* Frameworks */,
				699502571C0D7E6B000A056A /* Resources */,
			);
			buildRules = (
			);
			dependencies = (
				6995025B1C0D7E6B000A056A /* PBXTargetDependency */,
			);
			name = mtalkUITests;
			productName = mtalkUITests;
			productReference = 699502591C0D7E6B000A056A /* mtalkUITests.xctest */;
			productType = "com.apple.product-type.bundle.ui-testing";
		};
/* End PBXNativeTarget section */

/* Begin PBXProject section */
		6995022D1C0D7E6B000A056A /* Project object */ = {
			isa = PBXProject;
			attributes = {
				LastUpgradeCheck = 0710;
				ORGANIZATIONNAME = sinoswr;
				TargetAttributes = {
					699502341C0D7E6B000A056A = {
						CreatedOnToolsVersion = 7.1;
					};
					6995024D1C0D7E6B000A056A = {
						CreatedOnToolsVersion = 7.1;
						TestTargetID = 699502341C0D7E6B000A056A;
					};
					699502581C0D7E6B000A056A = {
						CreatedOnToolsVersion = 7.1;
						TestTargetID = 699502341C0D7E6B000A056A;
					};
				};
			};
			buildConfigurationList = 699502301C0D7E6B000A056A /* Build configuration list for PBXProject "mtalk" */;
			compatibilityVersion = "Xcode 3.2";
			developmentRegion = English;
			hasScannedForEncodings = 0;
			knownRegions = (
				en,
				Base,
			);
			mainGroup = 6995022C1C0D7E6B000A056A;
			productRefGroup = 699502361C0D7E6B000A056A /* Products */;
			projectDirPath = "";
			projectRoot = "";
			targets = (
				699502341C0D7E6B000A056A /* mtalk */,
				6995024D1C0D7E6B000A056A /* mtalkTests */,
				699502581C0D7E6B000A056A /* mtalkUITests */,
			);
		};
/* End PBXProject section */

/* Begin PBXResourcesBuildPhase section */
		699502331C0D7E6B000A056A /* Resources */ = {
			isa = PBXResourcesBuildPhase;
			buildActionMask = 2147483647;
			files = (
				699502481C0D7E6B000A056A /* LaunchScreen.storyboard in Resources */,
				699502451C0D7E6B000A056A /* Assets.xcassets in Resources */,
				699502431C0D7E6B000A056A /* Main.storyboard in Resources */,
			);
			runOnlyForDeploymentPostprocessing = 0;
		};
		6995024C1C0D7E6B000A056A /* Resources */ = {
			isa = PBXResourcesBuildPhase;
			buildActionMask = 2147483647;
			files = (
			);
			runOnlyForDeploymentPostprocessing = 0;
		};
		699502571C0D7E6B000A056A /* Resources */ = {
			isa = PBXResourcesBuildPhase;
			buildActionMask = 2147483647;
			files = (
			);
			runOnlyForDeploymentPostprocessing = 0;
		};
/* End PBXResourcesBuildPhase section */

/* Begin PBXSourcesBuildPhase section */
		699502311C0D7E6B000A056A /* Sources */ = {
			isa = PBXSourcesBuildPhase;
			buildActionMask = 2147483647;
			files = (
				699502401C0D7E6B000A056A /* ViewController.m in Sources */,
				6995023D1C0D7E6B000A056A /* AppDelegate.m in Sources */,
				6995023A1C0D7E6B000A056A /* main.m in Sources */,
			);
			runOnlyForDeploymentPostprocessing = 0;
		};
		6995024A1C0D7E6B000A056A /* Sources */ = {
			isa = PBXSourcesBuildPhase;
			buildActionMask = 2147483647;
			files = (
				699502531C0D7E6B000A056A /* mtalkTests.m in Sources */,
			);
			runOnlyForDeploymentPostprocessing = 0;
		};
		699502551C0D7E6B000A056A /* Sources */ = {
			isa = PBXSourcesBuildPhase;
			buildActionMask = 2147483647;
			files = (
				6995025E1C0D7E6B000A056A /* mtalkUITests.m in Sources */,
			);
			runOnlyForDeploymentPostprocessing = 0;
		};
/* End PBXSourcesBuildPhase section */

/* Begin PBXTargetDependency section */
		699502501C0D7E6B000A056A /* PBXTargetDependency */ = {
			isa = PBXTargetDependency;
			target = 699502341C0D7E6B000A056A /* mtalk */;
			targetProxy = 6995024F1C0D7E6B000A056A /* PBXContainerItemProxy */;
		};
		6995025B1C0D7E6B000A056A /* PBXTargetDependency */ = {
			isa = PBXTargetDependency;
			target = 699502341C0D7E6B000A056A /* mtalk */;
			targetProxy = 6995025A1C0D7E6B000A056A /* PBXContainerItemProxy */;
		};
/* End PBXTargetDependency section */

/* Begin PBXVariantGroup section */
		699502411C0D7E6B000A056A /* Main.storyboard */ = {
			isa = PBXVariantGroup;
			children = (
				699502421C0D7E6B000A056A /* Base */,
			);
			name = Main.storyboard;
			sourceTree = "<group>";
		};
		699502461C0D7E6B000A056A /* LaunchScreen.storyboard */ = {
			isa = PBXVariantGroup;
			children = (
				699502471C0D7E6B000A056A /* Base */,
			);
			name = LaunchScreen.storyboard;
			sourceTree = "<group>";
		};
/* End PBXVariantGroup section */

/* Begin XCBuildConfiguration section */
		699502601C0D7E6B000A056A /* Debug */ = {
			isa = XCBuildConfiguration;
			buildSettings = {
				ALWAYS_SEARCH_USER_PATHS = NO;
				CLANG_CXX_LANGUAGE_STANDARD = "gnu++0x";
				CLANG_CXX_LIBRARY = "libc++";
				CLANG_ENABLE_MODULES = YES;
				CLANG_ENABLE_OBJC_ARC = YES;
				CLANG_WARN_BOOL_CONVERSION = YES;
				CLANG_WARN_CONSTANT_CONVERSION = YES;
				CLANG_WARN_DIRECT_OBJC_ISA_USAGE = YES_ERROR;
				CLANG_WARN_EMPTY_BODY = YES;
				CLANG_WARN_ENUM_CONVERSION = YES;
				CLANG_WARN_INT_CONVERSION = YES;
				CLANG_WARN_OBJC_ROOT_CLASS = YES_ERROR;
				CLANG_WARN_UNREACHABLE_CODE = YES;
				CLANG_WARN__DUPLICATE_METHOD_MATCH = YES;
				"CODE_SIGN_IDENTITY[sdk=iphoneos*]" = "iPhone Developer";
				COPY_PHASE_STRIP = NO;
				DEBUG_INFORMATION_FORMAT = dwarf;
				ENABLE_STRICT_OBJC_MSGSEND = YES;
				ENABLE_TESTABILITY = YES;
				GCC_C_LANGUAGE_STANDARD = gnu99;
				GCC_DYNAMIC_NO_PIC = NO;
				GCC_NO_COMMON_BLOCKS = YES;
				GCC_OPTIMIZATION_LEVEL = 0;
				GCC_PREPROCESSOR_DEFINITIONS = (
					"DEBUG=1",
					"$(inherited)",
				);
				GCC_WARN_64_TO_32_BIT_CONVERSION = YES;
				GCC_WARN_ABOUT_RETURN_TYPE = YES_ERROR;
				GCC_WARN_UNDECLARED_SELECTOR = YES;
				GCC_WARN_UNINITIALIZED_AUTOS = YES_AGGRESSIVE;
				GCC_WARN_UNUSED_FUNCTION = YES;
				GCC_WARN_UNUSED_VARIABLE = YES;
				IPHONEOS_DEPLOYMENT_TARGET = 9.1;
				MTL_ENABLE_DEBUG_INFO = YES;
				ONLY_ACTIVE_ARCH = YES;
				SDKROOT = iphoneos;
				TARGETED_DEVICE_FAMILY = "1,2";
			};
			name = Debug;
		};
		699502611C0D7E6B000A056A /* Release */ = {
			isa = XCBuildConfiguration;
			buildSettings = {
				ALWAYS_SEARCH_USER_PATHS = NO;
				CLANG_CXX_LANGUAGE_STANDARD = "gnu++0x";
				CLANG_CXX_LIBRARY = "libc++";
				CLANG_ENABLE_MODULES = YES;
				CLANG_ENABLE_OBJC_ARC = YES;
				CLANG_WARN_BOOL_CONVERSION = YES;
				CLANG_WARN_CONSTANT_CONVERSION = YES;
				CLANG_WARN_DIRECT_OBJC_ISA_USAGE = YES_ERROR;
				CLANG_WARN_EMPTY_BODY = YES;
				CLANG_WARN_ENUM_CONVERSION = YES;
				CLANG_WARN_INT_CONVERSION = YES;
				CLANG_WARN_OBJC_ROOT_CLASS = YES_ERROR;
				CLANG_WARN_UNREACHABLE_CODE = YES;
				CLANG_WARN__DUPLICATE_METHOD_MATCH = YES;
				"CODE_SIGN_IDENTITY[sdk=iphoneos*]" = "iPhone Developer";
				COPY_PHASE_STRIP = NO;
				DEBUG_INFORMATION_FORMAT = "dwarf-with-dsym";
				ENABLE_NS_ASSERTIONS = NO;
				ENABLE_STRICT_OBJC_MSGSEND = YES;
				GCC_C_LANGUAGE_STANDARD = gnu99;
				GCC_NO_COMMON_BLOCKS = YES;
				GCC_WARN_64_TO_32_BIT_CONVERSION = YES;
				GCC_WARN_ABOUT_RETURN_TYPE = YES_ERROR;
				GCC_WARN_UNDECLARED_SELECTOR = YES;
				GCC_WARN_UNINITIALIZED_AUTOS = YES_AGGRESSIVE;
				GCC_WARN_UNUSED_FUNCTION = YES;
				GCC_WARN_UNUSED_VARIABLE = YES;
				IPHONEOS_DEPLOYMENT_TARGET = 9.1;
				MTL_ENABLE_DEBUG_INFO = NO;
				SDKROOT = iphoneos;
				TARGETED_DEVICE_FAMILY = "1,2";
				VALIDATE_PRODUCT = YES;
			};
			name = Release;
		};
		699502631C0D7E6B000A056A /* Debug */ = {
			isa = XCBuildConfiguration;
			buildSettings = {
				ASSETCATALOG_COMPILER_APPICON_NAME = AppIcon;
				INFOPLIST_FILE = mtalk/Info.plist;
				LD_RUNPATH_SEARCH_PATHS = "$(inherited) @executable_path/Frameworks";
				PRODUCT_BUNDLE_IDENTIFIER = swr.mtalk;
				PRODUCT_NAME = "$(TARGET_NAME)";
			};
			name = Debug;
		};
		699502641C0D7E6B000A056A /* Release */ = {
			isa = XCBuildConfiguration;
			buildSettings = {
				ASSETCATALOG_COMPILER_APPICON_NAME = AppIcon;
				INFOPLIST_FILE = mtalk/Info.plist;
				LD_RUNPATH_SEARCH_PATHS = "$(inherited) @executable_path/Frameworks";
				PRODUCT_BUNDLE_IDENTIFIER = swr.mtalk;
				PRODUCT_NAME = "$(TARGET_NAME)";
			};
			name = Release;
		};
		699502661C0D7E6B000A056A /* Debug */ = {
			isa = XCBuildConfiguration;
			buildSettings = {
				BUNDLE_LOADER = "$(TEST_HOST)";
				INFOPLIST_FILE = mtalkTests/Info.plist;
				LD_RUNPATH_SEARCH_PATHS = "$(inherited) @executable_path/Frameworks @loader_path/Frameworks";
				PRODUCT_BUNDLE_IDENTIFIER = swr.mtalkTests;
				PRODUCT_NAME = "$(TARGET_NAME)";
				TEST_HOST = "$(BUILT_PRODUCTS_DIR)/mtalk.app/mtalk";
			};
			name = Debug;
		};
		699502671C0D7E6B000A056A /* Release */ = {
			isa = XCBuildConfiguration;
			buildSettings = {
				BUNDLE_LOADER = "$(TEST_HOST)";
				INFOPLIST_FILE = mtalkTests/Info.plist;
				LD_RUNPATH_SEARCH_PATHS = "$(inherited) @executable_path/Frameworks @loader_path/Frameworks";
				PRODUCT_BUNDLE_IDENTIFIER = swr.mtalkTests;
				PRODUCT_NAME = "$(TARGET_NAME)";
				TEST_HOST = "$(BUILT_PRODUCTS_DIR)/mtalk.app/mtalk";
			};
			name = Release;
		};
		699502691C0D7E6B000A056A /* Debug */ = {
			isa = XCBuildConfiguration;
			buildSettings = {
				INFOPLIST_FILE = mtalkUITests/Info.plist;
				LD_RUNPATH_SEARCH_PATHS = "$(inherited) @executable_path/Frameworks @loader_path/Frameworks";
				PRODUCT_BUNDLE_IDENTIFIER = swr.mtalkUITests;
				PRODUCT_NAME = "$(TARGET_NAME)";
				TEST_TARGET_NAME = mtalk;
				USES_XCTRUNNER = YES;
			};
			name = Debug;
		};
		6995026A1C0D7E6B000A056A /* Release */ = {
			isa = XCBuildConfiguration;
			buildSettings = {
				INFOPLIST_FILE = mtalkUITests/Info.plist;
				LD_RUNPATH_SEARCH_PATHS = "$(inherited) @executable_path/Frameworks @loader_path/Frameworks";
				PRODUCT_BUNDLE_IDENTIFIER = swr.mtalkUITests;
				PRODUCT_NAME = "$(TARGET_NAME)";
				TEST_TARGET_NAME = mtalk;
				USES_XCTRUNNER = YES;
			};
			name = Release;
		};
/* End XCBuildConfiguration section */

/* Begin XCConfigurationList section */
		699502301C0D7E6B000A056A /* Build configuration list for PBXProject "mtalk" */ = {
			isa = XCConfigurationList;
			buildConfigurations = (
				699502601C0D7E6B000A056A /* Debug */,
				699502611C0D7E6B000A056A /* Release */,
			);
			defaultConfigurationIsVisible = 0;
			defaultConfigurationName = Release;
		};
		699502621C0D7E6B000A056A /* Build configuration list for PBXNativeTarget "mtalk" */ = {
			isa = XCConfigurationList;
			buildConfigurations = (
				699502631C0D7E6B000A056A /* Debug */,
				699502641C0D7E6B000A056A /* Release */,
			);
			defaultConfigurationIsVisible = 0;
		};
		699502651C0D7E6B000A056A /* Build configuration list for PBXNativeTarget "mtalkTests" */ = {
			isa = XCConfigurationList;
			buildConfigurations = (
				699502661C0D7E6B000A056A /* Debug */,
				699502671C0D7E6B000A056A /* Release */,
			);
			defaultConfigurationIsVisible = 0;
		};
		699502681C0D7E6B000A056A /* Build configuration list for PBXNativeTarget "mtalkUITests" */ = {
			isa = XCConfigurationList;
			buildConfigurations = (
				699502691C0D7E6B000A056A /* Debug */,
				6995026A1C0D7E6B000A056A /* Release */,
			);
			defaultConfigurationIsVisible = 0;
		};
/* End XCConfigurationList section */
	};
	rootObject = 6995022D1C0D7E6B000A056A /* Project object */;
}
